
Microsoft Visual Studio Solution File, Format Version 12.00
# Visual Studio Version 16
VisualStudioVersion = 16.0.31105.61
MinimumVisualStudioVersion = 10.0.40219.1
Project("{9A19103F-16F7-4668-BE54-9A1E7A4F7556}") = "ConsoleApp", "ConsoleApp\ConsoleApp.csproj", "{A0BCD12A-250F-4727-A997-ED6784365667}"
EndProject
Project("{FAE04EC0-301F-11D3-BF4B-00C04F79EFBC}") = "ProductsApi", "ProductsApi\ProductsApi.csproj", "{96A52935-3EF1-4CA1-AF33-19B5421382CC}"
EndProject
Project("{FAE04EC0-301F-11D3-BF4B-00C04F79EFBC}") = "CustomersApi", "CustomersApi\CustomersApi.csproj", "{B00BCE1A-C13E-407E-9BEA-E5EE90515040}"
EndProject
Global
	GlobalSection(SolutionConfigurationPlatforms) = preSolution
		Debug|Any CPU = Debug|Any CPU
		Release|Any CPU = Release|Any CPU
	EndGlobalSection
	GlobalSection(ProjectConfigurationPlatforms) = postSolution
		{A0BCD12A-250F-4727-A997-ED6784365667}.Debug|Any CPU.ActiveCfg = Debug|Any CPU
		{A0BCD12A-250F-4727-A997-ED6784365667}.Debug|Any CPU.Build.0 = Debug|Any CPU
		{A0BCD12A-250F-4727-A997-ED6784365667}.Release|Any CPU.ActiveCfg = Release|Any CPU
		{A0BCD12A-250F-4727-A997-ED6784365667}.Release|Any CPU.Build.0 = Release|Any CPU
		{96A52935-3EF1-4CA1-AF33-19B5421382CC}.Debug|Any CPU.ActiveCfg = Debug|Any CPU
		{96A52935-3EF1-4CA1-AF33-19B5421382CC}.Debug|Any CPU.Build.0 = Debug|Any CPU
		{96A52935-3EF1-4CA1-AF33-19B5421382CC}.Release|Any CPU.ActiveCfg = Release|Any CPU
		{96A52935-3EF1-4CA1-AF33-19B5421382CC}.Release|Any CPU.Build.0 = Release|Any CPU
		{B00BCE1A-C13E-407E-9BEA-E5EE90515040}.Debug|Any CPU.ActiveCfg = Debug|Any CPU
		{B00BCE1A-C13E-407E-9BEA-E5EE90515040}.Debug|Any CPU.Build.0 = Debug|Any CPU
		{B00BCE1A-C13E-407E-9BEA-E5EE90515040}.Release|Any CPU.ActiveCfg = Release|Any CPU
		{B00BCE1A-C13E-407E-9BEA-E5EE90515040}.Release|Any CPU.Build.0 = Release|Any CPU
	EndGlobalSection
	GlobalSection(SolutionProperties) = preSolution
		HideSolutionNode = FALSE
	EndGlobalSection
	GlobalSection(ExtensibilityGlobals) = postSolution
		SolutionGuid = {AFB9AD37-8E37-4695-AF8C-BC566D1063BC}
	EndGlobalSection
EndGlobal
